
Microsoft Visual Studio Solution File, Format Version 12.00
# Visual Studio Version 16
VisualStudioVersion = 16.0.31105.61
MinimumVisualStudioVersion = 10.0.40219.1
Project("{9A19103F-16F7-4668-BE54-9A1E7A4F7556}") = "Shop", "Shop\Shop.csproj", "{B85E0CC5-DFEE-4BEA-A483-24C51AEC915B}"
EndProject
Project("{FAE04EC0-301F-11D3-BF4B-00C04F79EFBC}") = "BLL", "BLL\BLL.csproj", "{10A78B1C-2CD9-482C-BE72-CB7E8F5B9080}"
EndProject
Project("{FAE04EC0-301F-11D3-BF4B-00C04F79EFBC}") = "DAL", "DAL\DAL.csproj", "{3F406EAA-4C11-47F1-BEFD-E488E7B07AAE}"
EndProject
Global
	GlobalSection(SolutionConfigurationPlatforms) = preSolution
		Debug|Any CPU = Debug|Any CPU
		Release|Any CPU = Release|Any CPU
	EndGlobalSection
	GlobalSection(ProjectConfigurationPlatforms) = postSolution
		{B85E0CC5-DFEE-4BEA-A483-24C51AEC915B}.Debug|Any CPU.ActiveCfg = Debug|Any CPU
		{B85E0CC5-DFEE-4BEA-A483-24C51AEC915B}.Debug|Any CPU.Build.0 = Debug|Any CPU
		{B85E0CC5-DFEE-4BEA-A483-24C51AEC915B}.Release|Any CPU.ActiveCfg = Release|Any CPU
		{B85E0CC5-DFEE-4BEA-A483-24C51AEC915B}.Release|Any CPU.Build.0 = Release|Any CPU
		{10A78B1C-2CD9-482C-BE72-CB7E8F5B9080}.Debug|Any CPU.ActiveCfg = Debug|Any CPU
		{10A78B1C-2CD9-482C-BE72-CB7E8F5B9080}.Debug|Any CPU.Build.0 = Debug|Any CPU
		{10A78B1C-2CD9-482C-BE72-CB7E8F5B9080}.Release|Any CPU.ActiveCfg = Release|Any CPU
		{10A78B1C-2CD9-482C-BE72-CB7E8F5B9080}.Release|Any CPU.Build.0 = Release|Any CPU
		{3F406EAA-4C11-47F1-BEFD-E488E7B07AAE}.Debug|Any CPU.ActiveCfg = Debug|Any CPU
		{3F406EAA-4C11-47F1-BEFD-E488E7B07AAE}.Debug|Any CPU.Build.0 = Debug|Any CPU
		{3F406EAA-4C11-47F1-BEFD-E488E7B07AAE}.Release|Any CPU.ActiveCfg = Release|Any CPU
		{3F406EAA-4C11-47F1-BEFD-E488E7B07AAE}.Release|Any CPU.Build.0 = Release|Any CPU
	EndGlobalSection
	GlobalSection(SolutionProperties) = preSolution
		HideSolutionNode = FALSE
	EndGlobalSection
	GlobalSection(ExtensibilityGlobals) = postSolution
		SolutionGuid = {FD98B76F-5EC0-4E6E-9B1D-91038694301E}
	EndGlobalSection
EndGlobal
